
Microsoft Visual Studio Solution File, Format Version 12.00
# Visual Studio Version 16
VisualStudioVersion = 16.0.30907.101
MinimumVisualStudioVersion = 10.0.40219.1
Project("{2150E333-8FDC-42A3-9474-1A3956D46DE8}") = "Microservices", "Microservices", "{DAEF8A0A-7C67-48E1-A871-73FB5EE92CAF}"
EndProject
Project("{2150E333-8FDC-42A3-9474-1A3956D46DE8}") = "Domain", "Domain", "{FFD9974A-FC84-488D-B20C-0A6A62328DAE}"
EndProject
Project("{2150E333-8FDC-42A3-9474-1A3956D46DE8}") = "Infra.Bus", "Infra.Bus", "{A70885EE-84B1-469A-97EE-9E38990CBBE1}"
EndProject
Project("{2150E333-8FDC-42A3-9474-1A3956D46DE8}") = "Infra.IOC", "Infra.IOC", "{A214C21B-E142-4F43-B2E6-738733EFA334}"
EndProject
Project("{2150E333-8FDC-42A3-9474-1A3956D46DE8}") = "Presentation", "Presentation", "{D56A4B74-B634-4E1F-B922-CE50C1A31368}"
EndProject
Project("{9A19103F-16F7-4668-BE54-9A1E7A4F7556}") = "MicroRabbit.Domain.Core", "MIcroRabbit.Domain.Core\MicroRabbit.Domain.Core.csproj", "{498ADC4B-FC91-4895-8823-541A7D6DC0D3}"
EndProject
Project("{9A19103F-16F7-4668-BE54-9A1E7A4F7556}") = "MicroRabbit.Infra.Bus", "MicroRabbit.Infra.Bus\MicroRabbit.Infra.Bus.csproj", "{B7F0466F-CDA6-4821-AE0D-A3F15FC34EDE}"
EndProject
Project("{9A19103F-16F7-4668-BE54-9A1E7A4F7556}") = "MicroRabbit.Infra.IOC", "MicroRabbit.Infra.IOC\MicroRabbit.Infra.IOC.csproj", "{064D732B-2459-4D5B-B008-054E87E5E7BF}"
EndProject
Project("{2150E333-8FDC-42A3-9474-1A3956D46DE8}") = "Banking", "Banking", "{AA6A7887-4E29-4CF2-85F5-8C62EF461C5C}"
EndProject
Project("{2150E333-8FDC-42A3-9474-1A3956D46DE8}") = "API", "API", "{4A34AADF-D487-4186-A4BB-515E8CB6FEEC}"
EndProject
Project("{2150E333-8FDC-42A3-9474-1A3956D46DE8}") = "Domain", "Domain", "{5A5B5D56-0858-42E2-8299-F34AE38F10A6}"
EndProject
Project("{2150E333-8FDC-42A3-9474-1A3956D46DE8}") = "Application", "Application", "{792AD597-806F-4C7B-8589-61F0D0BFB4DD}"
EndProject
Project("{2150E333-8FDC-42A3-9474-1A3956D46DE8}") = "Data", "Data", "{6583E23A-817C-403B-A8E9-7A458161D210}"
EndProject
Project("{9A19103F-16F7-4668-BE54-9A1E7A4F7556}") = "MicroRabbit.Banking.Api", "MicroRabbit.Banking.Api\MicroRabbit.Banking.Api.csproj", "{40EAEBCE-8093-41C8-A189-F25729B0E25F}"
EndProject
Project("{9A19103F-16F7-4668-BE54-9A1E7A4F7556}") = "MicroRabbit.Banking.Application", "MicroRabbit.Banking.Application\MicroRabbit.Banking.Application.csproj", "{BB51DD68-8DC6-415A-8E0D-D9D520A98663}"
EndProject
Project("{9A19103F-16F7-4668-BE54-9A1E7A4F7556}") = "MicroRabbit.Banking.Data", "MicroRabbit.Banking.Data\MicroRabbit.Banking.Data.csproj", "{06C23DC9-8BE7-4BA9-BDA7-032E90EF4DB1}"
EndProject
Project("{9A19103F-16F7-4668-BE54-9A1E7A4F7556}") = "MicroRabbit.Banking.Domain", "MicroRabbit.Banking.Domain\MicroRabbit.Banking.Domain.csproj", "{F522DBB8-FE6D-4FE5-AF87-6039F4641146}"
EndProject
Project("{2150E333-8FDC-42A3-9474-1A3956D46DE8}") = "Transfer", "Transfer", "{9A31D9FA-CDC2-4167-A402-53F0D9301073}"
EndProject
Project("{2150E333-8FDC-42A3-9474-1A3956D46DE8}") = "Api", "Api", "{5A8FA5FA-201F-4220-8CC4-0211AB018EEA}"
EndProject
Project("{2150E333-8FDC-42A3-9474-1A3956D46DE8}") = "Application", "Application", "{8CE0F098-2AF1-4249-B64F-8177EDC3E3F1}"
EndProject
Project("{2150E333-8FDC-42A3-9474-1A3956D46DE8}") = "Data", "Data", "{CE261ECC-97C6-4486-8E3B-2B479E7061E9}"
EndProject
Project("{2150E333-8FDC-42A3-9474-1A3956D46DE8}") = "Domain", "Domain", "{A8B1170F-D950-4756-BDD6-5F65C0A422D7}"
EndProject
Project("{FAE04EC0-301F-11D3-BF4B-00C04F79EFBC}") = "MicroRabbit.Transfer.Api", "MicroRabbit.Transfer.Api\MicroRabbit.Transfer.Api.csproj", "{5C586EF9-EAC9-453D-9CEB-13A0C9979FF1}"
EndProject
Project("{FAE04EC0-301F-11D3-BF4B-00C04F79EFBC}") = "MicroRabbit.Transfer.Application", "MicroRabbit.Transfer.Application\MicroRabbit.Transfer.Application.csproj", "{B8687CBF-7C96-489C-9C45-B791DE417C29}"
EndProject
Project("{FAE04EC0-301F-11D3-BF4B-00C04F79EFBC}") = "MicroRabbit.Transfer.Domain", "MicroRabbit.Transfer.Domain\MicroRabbit.Transfer.Domain.csproj", "{89123BB5-CD85-43C5-8182-317D66A51EC9}"
EndProject
Project("{FAE04EC0-301F-11D3-BF4B-00C04F79EFBC}") = "MicroRabbit.Transfer.Data", "MicroRabbit.Transfer.Data\MicroRabbit.Transfer.Data.csproj", "{96E20300-BFE2-41D6-9BF4-55B929266304}"
EndProject
Project("{FAE04EC0-301F-11D3-BF4B-00C04F79EFBC}") = "MicroRabbit.Mvc", "MicroRabbit.Mvc\MicroRabbit.Mvc.csproj", "{6A6BF932-9146-43EE-AF1B-934694A735E3}"
EndProject
Global
	GlobalSection(SolutionConfigurationPlatforms) = preSolution
		Debug|Any CPU = Debug|Any CPU
		Release|Any CPU = Release|Any CPU
	EndGlobalSection
	GlobalSection(ProjectConfigurationPlatforms) = postSolution
		{498ADC4B-FC91-4895-8823-541A7D6DC0D3}.Debug|Any CPU.ActiveCfg = Debug|Any CPU
		{498ADC4B-FC91-4895-8823-541A7D6DC0D3}.Debug|Any CPU.Build.0 = Debug|Any CPU
		{498ADC4B-FC91-4895-8823-541A7D6DC0D3}.Release|Any CPU.ActiveCfg = Release|Any CPU
		{498ADC4B-FC91-4895-8823-541A7D6DC0D3}.Release|Any CPU.Build.0 = Release|Any CPU
		{B7F0466F-CDA6-4821-AE0D-A3F15FC34EDE}.Debug|Any CPU.ActiveCfg = Debug|Any CPU
		{B7F0466F-CDA6-4821-AE0D-A3F15FC34EDE}.Debug|Any CPU.Build.0 = Debug|Any CPU
		{B7F0466F-CDA6-4821-AE0D-A3F15FC34EDE}.Release|Any CPU.ActiveCfg = Release|Any CPU
		{B7F0466F-CDA6-4821-AE0D-A3F15FC34EDE}.Release|Any CPU.Build.0 = Release|Any CPU
		{064D732B-2459-4D5B-B008-054E87E5E7BF}.Debug|Any CPU.ActiveCfg = Debug|Any CPU
		{064D732B-2459-4D5B-B008-054E87E5E7BF}.Debug|Any CPU.Build.0 = Debug|Any CPU
		{064D732B-2459-4D5B-B008-054E87E5E7BF}.Release|Any CPU.ActiveCfg = Release|Any CPU
		{064D732B-2459-4D5B-B008-054E87E5E7BF}.Release|Any CPU.Build.0 = Release|Any CPU
		{40EAEBCE-8093-41C8-A189-F25729B0E25F}.Debug|Any CPU.ActiveCfg = Debug|Any CPU
		{40EAEBCE-8093-41C8-A189-F25729B0E25F}.Debug|Any CPU.Build.0 = Debug|Any CPU
		{40EAEBCE-8093-41C8-A189-F25729B0E25F}.Release|Any CPU.ActiveCfg = Release|Any CPU
		{40EAEBCE-8093-41C8-A189-F25729B0E25F}.Release|Any CPU.Build.0 = Release|Any CPU
		{BB51DD68-8DC6-415A-8E0D-D9D520A98663}.Debug|Any CPU.ActiveCfg = Debug|Any CPU
		{BB51DD68-8DC6-415A-8E0D-D9D520A98663}.Debug|Any CPU.Build.0 = Debug|Any CPU
		{BB51DD68-8DC6-415A-8E0D-D9D520A98663}.Release|Any CPU.ActiveCfg = Release|Any CPU
		{BB51DD68-8DC6-415A-8E0D-D9D520A98663}.Release|Any CPU.Build.0 = Release|Any CPU
		{06C23DC9-8BE7-4BA9-BDA7-032E90EF4DB1}.Debug|Any CPU.ActiveCfg = Debug|Any CPU
		{06C23DC9-8BE7-4BA9-BDA7-032E90EF4DB1}.Debug|Any CPU.Build.0 = Debug|Any CPU
		{06C23DC9-8BE7-4BA9-BDA7-032E90EF4DB1}.Release|Any CPU.ActiveCfg = Release|Any CPU
		{06C23DC9-8BE7-4BA9-BDA7-032E90EF4DB1}.Release|Any CPU.Build.0 = Release|Any CPU
		{F522DBB8-FE6D-4FE5-AF87-6039F4641146}.Debug|Any CPU.ActiveCfg = Debug|Any CPU
		{F522DBB8-FE6D-4FE5-AF87-6039F4641146}.Debug|Any CPU.Build.0 = Debug|Any CPU
		{F522DBB8-FE6D-4FE5-AF87-6039F4641146}.Release|Any CPU.ActiveCfg = Release|Any CPU
		{F522DBB8-FE6D-4FE5-AF87-6039F4641146}.Release|Any CPU.Build.0 = Release|Any CPU
		{5C586EF9-EAC9-453D-9CEB-13A0C9979FF1}.Debug|Any CPU.ActiveCfg = Debug|Any CPU
		{5C586EF9-EAC9-453D-9CEB-13A0C9979FF1}.Debug|Any CPU.Build.0 = Debug|Any CPU
		{5C586EF9-EAC9-453D-9CEB-13A0C9979FF1}.Release|Any CPU.ActiveCfg = Release|Any CPU
		{5C586EF9-EAC9-453D-9CEB-13A0C9979FF1}.Release|Any CPU.Build.0 = Release|Any CPU
		{B8687CBF-7C96-489C-9C45-B791DE417C29}.Debug|Any CPU.ActiveCfg = Debug|Any CPU
		{B8687CBF-7C96-489C-9C45-B791DE417C29}.Debug|Any CPU.Build.0 = Debug|Any CPU
		{B8687CBF-7C96-489C-9C45-B791DE417C29}.Release|Any CPU.ActiveCfg = Release|Any CPU
		{B8687CBF-7C96-489C-9C45-B791DE417C29}.Release|Any CPU.Build.0 = Release|Any CPU
		{89123BB5-CD85-43C5-8182-317D66A51EC9}.Debug|Any CPU.ActiveCfg = Debug|Any CPU
		{89123BB5-CD85-43C5-8182-317D66A51EC9}.Debug|Any CPU.Build.0 = Debug|Any CPU
		{89123BB5-CD85-43C5-8182-317D66A51EC9}.Release|Any CPU.ActiveCfg = Release|Any CPU
		{89123BB5-CD85-43C5-8182-317D66A51EC9}.Release|Any CPU.Build.0 = Release|Any CPU
		{96E20300-BFE2-41D6-9BF4-55B929266304}.Debug|Any CPU.ActiveCfg = Debug|Any CPU
		{96E20300-BFE2-41D6-9BF4-55B929266304}.Debug|Any CPU.Build.0 = Debug|Any CPU
		{96E20300-BFE2-41D6-9BF4-55B929266304}.Release|Any CPU.ActiveCfg = Release|Any CPU
		{96E20300-BFE2-41D6-9BF4-55B929266304}.Release|Any CPU.Build.0 = Release|Any CPU
		{6A6BF932-9146-43EE-AF1B-934694A735E3}.Debug|Any CPU.ActiveCfg = Debug|Any CPU
		{6A6BF932-9146-43EE-AF1B-934694A735E3}.Debug|Any CPU.Build.0 = Debug|Any CPU
		{6A6BF932-9146-43EE-AF1B-934694A735E3}.Release|Any CPU.ActiveCfg = Release|Any CPU
		{6A6BF932-9146-43EE-AF1B-934694A735E3}.Release|Any CPU.Build.0 = Release|Any CPU
	EndGlobalSection
	GlobalSection(SolutionProperties) = preSolution
		HideSolutionNode = FALSE
	EndGlobalSection
	GlobalSection(NestedProjects) = preSolution
		{498ADC4B-FC91-4895-8823-541A7D6DC0D3} = {FFD9974A-FC84-488D-B20C-0A6A62328DAE}
		{B7F0466F-CDA6-4821-AE0D-A3F15FC34EDE} = {A70885EE-84B1-469A-97EE-9E38990CBBE1}
		{064D732B-2459-4D5B-B008-054E87E5E7BF} = {A214C21B-E142-4F43-B2E6-738733EFA334}
		{AA6A7887-4E29-4CF2-85F5-8C62EF461C5C} = {DAEF8A0A-7C67-48E1-A871-73FB5EE92CAF}
		{4A34AADF-D487-4186-A4BB-515E8CB6FEEC} = {AA6A7887-4E29-4CF2-85F5-8C62EF461C5C}
		{5A5B5D56-0858-42E2-8299-F34AE38F10A6} = {AA6A7887-4E29-4CF2-85F5-8C62EF461C5C}
		{792AD597-806F-4C7B-8589-61F0D0BFB4DD} = {AA6A7887-4E29-4CF2-85F5-8C62EF461C5C}
		{6583E23A-817C-403B-A8E9-7A458161D210} = {AA6A7887-4E29-4CF2-85F5-8C62EF461C5C}
		{40EAEBCE-8093-41C8-A189-F25729B0E25F} = {4A34AADF-D487-4186-A4BB-515E8CB6FEEC}
		{BB51DD68-8DC6-415A-8E0D-D9D520A98663} = {792AD597-806F-4C7B-8589-61F0D0BFB4DD}
		{06C23DC9-8BE7-4BA9-BDA7-032E90EF4DB1} = {6583E23A-817C-403B-A8E9-7A458161D210}
		{F522DBB8-FE6D-4FE5-AF87-6039F4641146} = {5A5B5D56-0858-42E2-8299-F34AE38F10A6}
		{9A31D9FA-CDC2-4167-A402-53F0D9301073} = {DAEF8A0A-7C67-48E1-A871-73FB5EE92CAF}
		{5A8FA5FA-201F-4220-8CC4-0211AB018EEA} = {9A31D9FA-CDC2-4167-A402-53F0D9301073}
		{8CE0F098-2AF1-4249-B64F-8177EDC3E3F1} = {9A31D9FA-CDC2-4167-A402-53F0D9301073}
		{CE261ECC-97C6-4486-8E3B-2B479E7061E9} = {9A31D9FA-CDC2-4167-A402-53F0D9301073}
		{A8B1170F-D950-4756-BDD6-5F65C0A422D7} = {9A31D9FA-CDC2-4167-A402-53F0D9301073}
		{5C586EF9-EAC9-453D-9CEB-13A0C9979FF1} = {5A8FA5FA-201F-4220-8CC4-0211AB018EEA}
		{B8687CBF-7C96-489C-9C45-B791DE417C29} = {8CE0F098-2AF1-4249-B64F-8177EDC3E3F1}
		{89123BB5-CD85-43C5-8182-317D66A51EC9} = {A8B1170F-D950-4756-BDD6-5F65C0A422D7}
		{96E20300-BFE2-41D6-9BF4-55B929266304} = {CE261ECC-97C6-4486-8E3B-2B479E7061E9}
		{6A6BF932-9146-43EE-AF1B-934694A735E3} = {D56A4B74-B634-4E1F-B922-CE50C1A31368}
	EndGlobalSection
	GlobalSection(ExtensibilityGlobals) = postSolution
		SolutionGuid = {559C3C45-94D2-4A3D-9AB9-5107C05328E9}
	EndGlobalSection
EndGlobal
